
Microsoft Visual Studio Solution File, Format Version 12.00
# Visual Studio 2013
VisualStudioVersion = 12.0.21005.1
MinimumVisualStudioVersion = 10.0.40219.1
Project("{FAE04EC0-301F-11D3-BF4B-00C04F79EFBC}") = "WP8Plugin", "WP8Plugin\WP8Plugin.csproj", "{8D1FBF96-573A-4D63-BADC-60046C2DA31B}"
EndProject
Project("{FAE04EC0-301F-11D3-BF4B-00C04F79EFBC}") = "UnityPlugin", "UnityPlugin\UnityPlugin.csproj", "{E31E7A75-CCB8-4FEE-B198-E0660E9411EF}"
EndProject
Global
	GlobalSection(SolutionConfigurationPlatforms) = preSolution
		Debug|Any CPU = Debug|Any CPU
		Debug|ARM = Debug|ARM
		Debug|x86 = Debug|x86
		Release|Any CPU = Release|Any CPU
		Release|ARM = Release|ARM
		Release|x86 = Release|x86
	EndGlobalSection
	GlobalSection(ProjectConfigurationPlatforms) = postSolution
		{8D1FBF96-573A-4D63-BADC-60046C2DA31B}.Debug|Any CPU.ActiveCfg = Debug|Any CPU
		{8D1FBF96-573A-4D63-BADC-60046C2DA31B}.Debug|Any CPU.Build.0 = Debug|Any CPU
		{8D1FBF96-573A-4D63-BADC-60046C2DA31B}.Debug|ARM.ActiveCfg = Debug|ARM
		{8D1FBF96-573A-4D63-BADC-60046C2DA31B}.Debug|ARM.Build.0 = Debug|ARM
		{8D1FBF96-573A-4D63-BADC-60046C2DA31B}.Debug|x86.ActiveCfg = Debug|x86
		{8D1FBF96-573A-4D63-BADC-60046C2DA31B}.Debug|x86.Build.0 = Debug|x86
		{8D1FBF96-573A-4D63-BADC-60046C2DA31B}.Release|Any CPU.ActiveCfg = Release|Any CPU
		{8D1FBF96-573A-4D63-BADC-60046C2DA31B}.Release|Any CPU.Build.0 = Release|Any CPU
		{8D1FBF96-573A-4D63-BADC-60046C2DA31B}.Release|ARM.ActiveCfg = Release|ARM
		{8D1FBF96-573A-4D63-BADC-60046C2DA31B}.Release|ARM.Build.0 = Release|ARM
		{8D1FBF96-573A-4D63-BADC-60046C2DA31B}.Release|x86.ActiveCfg = Release|x86
		{8D1FBF96-573A-4D63-BADC-60046C2DA31B}.Release|x86.Build.0 = Release|x86
		{E31E7A75-CCB8-4FEE-B198-E0660E9411EF}.Debug|Any CPU.ActiveCfg = Debug|Any CPU
		{E31E7A75-CCB8-4FEE-B198-E0660E9411EF}.Debug|Any CPU.Build.0 = Debug|Any CPU
		{E31E7A75-CCB8-4FEE-B198-E0660E9411EF}.Debug|ARM.ActiveCfg = Debug|Any CPU
		{E31E7A75-CCB8-4FEE-B198-E0660E9411EF}.Debug|x86.ActiveCfg = Debug|Any CPU
		{E31E7A75-CCB8-4FEE-B198-E0660E9411EF}.Release|Any CPU.ActiveCfg = Release|Any CPU
		{E31E7A75-CCB8-4FEE-B198-E0660E9411EF}.Release|Any CPU.Build.0 = Release|Any CPU
		{E31E7A75-CCB8-4FEE-B198-E0660E9411EF}.Release|ARM.ActiveCfg = Release|Any CPU
		{E31E7A75-CCB8-4FEE-B198-E0660E9411EF}.Release|x86.ActiveCfg = Release|Any CPU
	EndGlobalSection
	GlobalSection(SolutionProperties) = preSolution
		HideSolutionNode = FALSE
	EndGlobalSection
EndGlobal
